
Microsoft Visual Studio Solution File, Format Version 12.00
# Visual Studio Version 16
VisualStudioVersion = 16.0.30907.101
MinimumVisualStudioVersion = 10.0.40219.1
Project("{FAE04EC0-301F-11D3-BF4B-00C04F79EFBC}") = "BGRoll", "BGRoll\BGRoll.csproj", "{53BC9DD7-A374-4C19-B456-61D6139087CE}"
EndProject
Global
	GlobalSection(SolutionConfigurationPlatforms) = preSolution
		Debug|Any CPU = Debug|Any CPU
		Release|Any CPU = Release|Any CPU
	EndGlobalSection
	GlobalSection(ProjectConfigurationPlatforms) = postSolution
		{53BC9DD7-A374-4C19-B456-61D6139087CE}.Debug|Any CPU.ActiveCfg = Debug|Any CPU
		{53BC9DD7-A374-4C19-B456-61D6139087CE}.Debug|Any CPU.Build.0 = Debug|Any CPU
		{53BC9DD7-A374-4C19-B456-61D6139087CE}.Release|Any CPU.ActiveCfg = Release|Any CPU
		{53BC9DD7-A374-4C19-B456-61D6139087CE}.Release|Any CPU.Build.0 = Release|Any CPU
	EndGlobalSection
	GlobalSection(SolutionProperties) = preSolution
		HideSolutionNode = FALSE
	EndGlobalSection
	GlobalSection(ExtensibilityGlobals) = postSolution
		SolutionGuid = {0ABF098C-08A4-4525-92FA-2544B304743E}
	EndGlobalSection
EndGlobal
